
Microsoft Visual Studio Solution File, Format Version 12.00
Project("{FAE04EC0-301F-11D3-BF4B-00C04F79EFBC}") = "Random", "src\Random\Random.csproj", "{4A925135-50C3-4450-9668-10FC40E0E24D}"
EndProject
Project("{FAE04EC0-301F-11D3-BF4B-00C04F79EFBC}") = "Random.Tests", "src\Random.Tests\Random.Tests.csproj", "{BBCA938E-B88F-4433-9A7F-24428A78C1DA}"
EndProject
Global
	GlobalSection(SolutionConfigurationPlatforms) = preSolution
		Debug|Any CPU = Debug|Any CPU
		Release|Any CPU = Release|Any CPU
	EndGlobalSection
	GlobalSection(ProjectConfigurationPlatforms) = postSolution
		{4A925135-50C3-4450-9668-10FC40E0E24D}.Debug|Any CPU.ActiveCfg = Debug|Any CPU
		{4A925135-50C3-4450-9668-10FC40E0E24D}.Debug|Any CPU.Build.0 = Debug|Any CPU
		{4A925135-50C3-4450-9668-10FC40E0E24D}.Release|Any CPU.ActiveCfg = Release|Any CPU
		{4A925135-50C3-4450-9668-10FC40E0E24D}.Release|Any CPU.Build.0 = Release|Any CPU
		
		{BBCA938E-B88F-4433-9A7F-24428A78C1DA}.Debug|Any CPU.ActiveCfg = Debug|Any CPU
		{BBCA938E-B88F-4433-9A7F-24428A78C1DA}.Debug|Any CPU.Build.0 = Debug|Any CPU
	EndGlobalSection
EndGlobal
